// !$*UTF8*$!
{
	archiveVersion = 1;
	classes = {
	};
	objectVersion = 50;
	objects = {

/* Begin PBXBuildFile section */
		CD0C11A225D6C28E002DFB4A /* DesignCode2App.swift in Sources */ = {isa = PBXBuildFile; fileRef = CD0C11A125D6C28E002DFB4A /* DesignCode2App.swift */; };
		CD0C11A425D6C28E002DFB4A /* ContentView.swift in Sources */ = {isa = PBXBuildFile; fileRef = CD0C11A325D6C28E002DFB4A /* ContentView.swift */; };
		CD0C11A625D6C290002DFB4A /* Assets.xcassets in Resources */ = {isa = PBXBuildFile; fileRef = CD0C11A525D6C290002DFB4A /* Assets.xcassets */; };
		CD0C11A925D6C290002DFB4A /* Preview Assets.xcassets in Resources */ = {isa = PBXBuildFile; fileRef = CD0C11A825D6C290002DFB4A /* Preview Assets.xcassets */; };
		CDCAEB8F25E7459D007F32C0 /* MenuView.swift in Sources */ = {isa = PBXBuildFile; fileRef = CDCAEB8E25E7459D007F32C0 /* MenuView.swift */; };
		CDCF212225E859E6003C6E56 /* Home.swift in Sources */ = {isa = PBXBuildFile; fileRef = CDCF212125E859E6003C6E56 /* Home.swift */; };
		CDCF214225E898E2003C6E56 /* HomeView.swift in Sources */ = {isa = PBXBuildFile; fileRef = CDCF214125E898E2003C6E56 /* HomeView.swift */; };
/* End PBXBuildFile section */

/* Begin PBXFileReference section */
		CD0C119E25D6C28E002DFB4A /* DesignCode2.app */ = {isa = PBXFileReference; explicitFileType = wrapper.application; includeInIndex = 0; path = DesignCode2.app; sourceTree = BUILT_PRODUCTS_DIR; };
		CD0C11A125D6C28E002DFB4A /* DesignCode2App.swift */ = {isa = PBXFileReference; lastKnownFileType = sourcecode.swift; path = DesignCode2App.swift; sourceTree = "<group>"; };
		CD0C11A325D6C28E002DFB4A /* ContentView.swift */ = {isa = PBXFileReference; lastKnownFileType = sourcecode.swift; path = ContentView.swift; sourceTree = "<group>"; };
		CD0C11A525D6C290002DFB4A /* Assets.xcassets */ = {isa = PBXFileReference; lastKnownFileType = folder.assetcatalog; path = Assets.xcassets; sourceTree = "<group>"; };
		CD0C11A825D6C290002DFB4A /* Preview Assets.xcassets */ = {isa = PBXFileReference; lastKnownFileType = folder.assetcatalog; path = "Preview Assets.xcassets"; sourceTree = "<group>"; };
		CD0C11AA25D6C290002DFB4A /* Info.plist */ = {isa = PBXFileReference; lastKnownFileType = text.plist.xml; path = Info.plist; sourceTree = "<group>"; };
		CDCAEB8E25E7459D007F32C0 /* MenuView.swift */ = {isa = PBXFileReference; lastKnownFileType = sourcecode.swift; path = MenuView.swift; sourceTree = "<group>"; };
		CDCF212125E859E6003C6E56 /* Home.swift */ = {isa = PBXFileReference; lastKnownFileType = sourcecode.swift; path = Home.swift; sourceTree = "<group>"; };
		CDCF214125E898E2003C6E56 /* HomeView.swift */ = {isa = PBXFileReference; lastKnownFileType = sourcecode.swift; path = HomeView.swift; sourceTree = "<group>"; };
/* End PBXFileReference section */

/* Begin PBXFrameworksBuildPhase section */
		CD0C119B25D6C28E002DFB4A /* Frameworks */ = {
			isa = PBXFrameworksBuildPhase;
			buildActionMask = 2147483647;
			files = (
			);
			runOnlyForDeploymentPostprocessing = 0;
		};
/* End PBXFrameworksBuildPhase section */

/* Begin PBXGroup section */
		CD0C119525D6C28E002DFB4A = {
			isa = PBXGroup;
			children = (
				CD0C11A025D6C28E002DFB4A /* DesignCode2 */,
				CD0C119F25D6C28E002DFB4A /* Products */,
			);
			sourceTree = "<group>";
		};
		CD0C119F25D6C28E002DFB4A /* Products */ = {
			isa = PBXGroup;
			children = (
				CD0C119E25D6C28E002DFB4A /* DesignCode2.app */,
			);
			name = Products;
			sourceTree = "<group>";
		};
		CD0C11A025D6C28E002DFB4A /* DesignCode2 */ = {
			isa = PBXGroup;
			children = (
				CD0C11A125D6C28E002DFB4A /* DesignCode2App.swift */,
				CD0C11A325D6C28E002DFB4A /* ContentView.swift */,
				CDCAEB8E25E7459D007F32C0 /* MenuView.swift */,
				CDCF212125E859E6003C6E56 /* Home.swift */,
				CDCF214125E898E2003C6E56 /* HomeView.swift */,
				CD0C11A525D6C290002DFB4A /* Assets.xcassets */,
				CD0C11AA25D6C290002DFB4A /* Info.plist */,
				CD0C11A725D6C290002DFB4A /* Preview Content */,
			);
			path = DesignCode2;
			sourceTree = "<group>";
		};
		CD0C11A725D6C290002DFB4A /* Preview Content */ = {
			isa = PBXGroup;
			children = (
				CD0C11A825D6C290002DFB4A /* Preview Assets.xcassets */,
			);
			path = "Preview Content";
			sourceTree = "<group>";
		};
/* End PBXGroup section */

/* Begin PBXNativeTarget section */
		CD0C119D25D6C28E002DFB4A /* DesignCode2 */ = {
			isa = PBXNativeTarget;
			buildConfigurationList = CD0C11AD25D6C290002DFB4A /* Build configuration list for PBXNativeTarget "DesignCode2" */;
			buildPhases = (
				CD0C119A25D6C28E002DFB4A /* Sources */,
				CD0C119B25D6C28E002DFB4A /* Frameworks */,
				CD0C119C25D6C28E002DFB4A /* Resources */,
			);
			buildRules = (
			);
			dependencies = (
			);
			name = DesignCode2;
			productName = DesignCode2;
			productReference = CD0C119E25D6C28E002DFB4A /* DesignCode2.app */;
			productType = "com.apple.product-type.application";
		};
/* End PBXNativeTarget section */

/* Begin PBXProject section */
		CD0C119625D6C28E002DFB4A /* Project object */ = {
			isa = PBXProject;
			attributes = {
				LastSwiftUpdateCheck = 1240;
				LastUpgradeCheck = 1240;
				TargetAttributes = {
					CD0C119D25D6C28E002DFB4A = {
						CreatedOnToolsVersion = 12.4;
					};
				};
			};
			buildConfigurationList = CD0C119925D6C28E002DFB4A /* Build configuration list for PBXProject "DesignCode2" */;
			compatibilityVersion = "Xcode 9.3";
			developmentRegion = en;
			hasScannedForEncodings = 0;
			knownRegions = (
				en,
				Base,
			);
			mainGroup = CD0C119525D6C28E002DFB4A;
			productRefGroup = CD0C119F25D6C28E002DFB4A /* Products */;
			projectDirPath = "";
			projectRoot = "";
			targets = (
				CD0C119D25D6C28E002DFB4A /* DesignCode2 */,
			);
		};
/* End PBXProject section */

/* Begin PBXResourcesBuildPhase section */
		CD0C119C25D6C28E002DFB4A /* Resources */ = {
			isa = PBXResourcesBuildPhase;
			buildActionMask = 2147483647;
			files = (
				CD0C11A925D6C290002DFB4A /* Preview Assets.xcassets in Resources */,
				CD0C11A625D6C290002DFB4A /* Assets.xcassets in Resources */,
			);
			runOnlyForDeploymentPostprocessing = 0;
		};
/* End PBXResourcesBuildPhase section */

/* Begin PBXSourcesBuildPhase section */
		CD0C119A25D6C28E002DFB4A /* Sources */ = {
			isa = PBXSourcesBuildPhase;
			buildActionMask = 2147483647;
			files = (
				CD0C11A425D6C28E002DFB4A /* ContentView.swift in Sources */,
				CDCAEB8F25E7459D007F32C0 /* MenuView.swift in Sources */,
				CDCF212225E859E6003C6E56 /* Home.swift in Sources */,
				CDCF214225E898E2003C6E56 /* HomeView.swift in Sources */,
				CD0C11A225D6C28E002DFB4A /* DesignCode2App.swift in Sources */,
			);
			runOnlyForDeploymentPostprocessing = 0;
		};
/* End PBXSourcesBuildPhase section */

/* Begin XCBuildConfiguration section */
		CD0C11AB25D6C290002DFB4A /* Debug */ = {
			isa = XCBuildConfiguration;
			buildSettings = {
				ALWAYS_SEARCH_USER_PATHS = NO;
				CLANG_ANALYZER_NONNULL = YES;
				CLANG_ANALYZER_NUMBER_OBJECT_CONVERSION = YES_AGGRESSIVE;
				CLANG_CXX_LANGUAGE_STANDARD = "gnu++14";
				CLANG_CXX_LIBRARY = "libc++";
				CLANG_ENABLE_MODULES = YES;
				CLANG_ENABLE_OBJC_ARC = YES;
				CLANG_ENABLE_OBJC_WEAK = YES;
				CLANG_WARN_BLOCK_CAPTURE_AUTORELEASING = YES;
				CLANG_WARN_BOOL_CONVERSION = YES;
				CLANG_WARN_COMMA = YES;
				CLANG_WARN_CONSTANT_CONVERSION = YES;
				CLANG_WARN_DEPRECATED_OBJC_IMPLEMENTATIONS = YES;
				CLANG_WARN_DIRECT_OBJC_ISA_USAGE = YES_ERROR;
				CLANG_WARN_DOCUMENTATION_COMMENTS = YES;
				CLANG_WARN_EMPTY_BODY = YES;
				CLANG_WARN_ENUM_CONVERSION = YES;
				CLANG_WARN_INFINITE_RECURSION = YES;
				CLANG_WARN_INT_CONVERSION = YES;
				CLANG_WARN_NON_LITERAL_NULL_CONVERSION = YES;
				CLANG_WARN_OBJC_IMPLICIT_RETAIN_SELF = YES;
				CLANG_WARN_OBJC_LITERAL_CONVERSION = YES;
				CLANG_WARN_OBJC_ROOT_CLASS = YES_ERROR;
				CLANG_WARN_QUOTED_INCLUDE_IN_FRAMEWORK_HEADER = YES;
				CLANG_WARN_RANGE_LOOP_ANALYSIS = YES;
				CLANG_WARN_STRICT_PROTOTYPES = YES;
				CLANG_WARN_SUSPICIOUS_MOVE = YES;
				CLANG_WARN_UNGUARDED_AVAILABILITY = YES_AGGRESSIVE;
				CLANG_WARN_UNREACHABLE_CODE = YES;
				CLANG_WARN__DUPLICATE_METHOD_MATCH = YES;
				COPY_PHASE_STRIP = NO;
				DEBUG_INFORMATION_FORMAT = dwarf;
				ENABLE_STRICT_OBJC_MSGSEND = YES;
				ENABLE_TESTABILITY = YES;
				GCC_C_LANGUAGE_STANDARD = gnu11;
				GCC_DYNAMIC_NO_PIC = NO;
				GCC_NO_COMMON_BLOCKS = YES;
				GCC_OPTIMIZATION_LEVEL = 0;
				GCC_PREPROCESSOR_DEFINITIONS = (
					"DEBUG=1",
					"$(inherited)",
				);
				GCC_WARN_64_TO_32_BIT_CONVERSION = YES;
				GCC_WARN_ABOUT_RETURN_TYPE = YES_ERROR;
				GCC_WARN_UNDECLARED_SELECTOR = YES;
				GCC_WARN_UNINITIALIZED_AUTOS = YES_AGGRESSIVE;
				GCC_WARN_UNUSED_FUNCTION = YES;
				GCC_WARN_UNUSED_VARIABLE = YES;
				IPHONEOS_DEPLOYMENT_TARGET = 14.4;
				MTL_ENABLE_DEBUG_INFO = INCLUDE_SOURCE;
				MTL_FAST_MATH = YES;
				ONLY_ACTIVE_ARCH = YES;
				SDKROOT = iphoneos;
				SWIFT_ACTIVE_COMPILATION_CONDITIONS = DEBUG;
				SWIFT_OPTIMIZATION_LEVEL = "-Onone";
			};
			name = Debug;
		};
		CD0C11AC25D6C290002DFB4A /* Release */ = {
			isa = XCBuildConfiguration;
			buildSettings = {
				ALWAYS_SEARCH_USER_PATHS = NO;
				CLANG_ANALYZER_NONNULL = YES;
				CLANG_ANALYZER_NUMBER_OBJECT_CONVERSION = YES_AGGRESSIVE;
				CLANG_CXX_LANGUAGE_STANDARD = "gnu++14";
				CLANG_CXX_LIBRARY = "libc++";
				CLANG_ENABLE_MODULES = YES;
				CLANG_ENABLE_OBJC_ARC = YES;
				CLANG_ENABLE_OBJC_WEAK = YES;
				CLANG_WARN_BLOCK_CAPTURE_AUTORELEASING = YES;
				CLANG_WARN_BOOL_CONVERSION = YES;
				CLANG_WARN_COMMA = YES;
				CLANG_WARN_CONSTANT_CONVERSION = YES;
				CLANG_WARN_DEPRECATED_OBJC_IMPLEMENTATIONS = YES;
				CLANG_WARN_DIRECT_OBJC_ISA_USAGE = YES_ERROR;
				CLANG_WARN_DOCUMENTATION_COMMENTS = YES;
				CLANG_WARN_EMPTY_BODY = YES;
				CLANG_WARN_ENUM_CONVERSION = YES;
				CLANG_WARN_INFINITE_RECURSION = YES;
				CLANG_WARN_INT_CONVERSION = YES;
				CLANG_WARN_NON_LITERAL_NULL_CONVERSION = YES;
				CLANG_WARN_OBJC_IMPLICIT_RETAIN_SELF = YES;
				CLANG_WARN_OBJC_LITERAL_CONVERSION = YES;
				CLANG_WARN_OBJC_ROOT_CLASS = YES_ERROR;
				CLANG_WARN_QUOTED_INCLUDE_IN_FRAMEWORK_HEADER = YES;
				CLANG_WARN_RANGE_LOOP_ANALYSIS = YES;
				CLANG_WARN_STRICT_PROTOTYPES = YES;
				CLANG_WARN_SUSPICIOUS_MOVE = YES;
				CLANG_WARN_UNGUARDED_AVAILABILITY = YES_AGGRESSIVE;
				CLANG_WARN_UNREACHABLE_CODE = YES;
				CLANG_WARN__DUPLICATE_METHOD_MATCH = YES;
				COPY_PHASE_STRIP = NO;
				DEBUG_INFORMATION_FORMAT = "dwarf-with-dsym";
				ENABLE_NS_ASSERTIONS = NO;
				ENABLE_STRICT_OBJC_MSGSEND = YES;
				GCC_C_LANGUAGE_STANDARD = gnu11;
				GCC_NO_COMMON_BLOCKS = YES;
				GCC_WARN_64_TO_32_BIT_CONVERSION = YES;
				GCC_WARN_ABOUT_RETURN_TYPE = YES_ERROR;
				GCC_WARN_UNDECLARED_SELECTOR = YES;
				GCC_WARN_UNINITIALIZED_AUTOS = YES_AGGRESSIVE;
				GCC_WARN_UNUSED_FUNCTION = YES;
				GCC_WARN_UNUSED_VARIABLE = YES;
				IPHONEOS_DEPLOYMENT_TARGET = 14.4;
				MTL_ENABLE_DEBUG_INFO = NO;
				MTL_FAST_MATH = YES;
				SDKROOT = iphoneos;
				SWIFT_COMPILATION_MODE = wholemodule;
				SWIFT_OPTIMIZATION_LEVEL = "-O";
				VALIDATE_PRODUCT = YES;
			};
			name = Release;
		};
		CD0C11AE25D6C290002DFB4A /* Debug */ = {
			isa = XCBuildConfiguration;
			buildSettings = {
				ASSETCATALOG_COMPILER_APPICON_NAME = AppIcon;
				ASSETCATALOG_COMPILER_GLOBAL_ACCENT_COLOR_NAME = AccentColor;
				CODE_SIGN_STYLE = Automatic;
				DEVELOPMENT_ASSET_PATHS = "\"DesignCode2/Preview Content\"";
				DEVELOPMENT_TEAM = 2YSS2WYNUU;
				ENABLE_PREVIEWS = YES;
				INFOPLIST_FILE = DesignCode2/Info.plist;
				IPHONEOS_DEPLOYMENT_TARGET = 14.0;
				LD_RUNPATH_SEARCH_PATHS = (
					"$(inherited)",
					"@executable_path/Frameworks",
				);
				PRODUCT_BUNDLE_IDENTIFIER = soonlabs.DesignCode2;
				PRODUCT_NAME = "$(TARGET_NAME)";
				SWIFT_VERSION = 5.0;
				TARGETED_DEVICE_FAMILY = "1,2";
			};
			name = Debug;
		};
		CD0C11AF25D6C290002DFB4A /* Release */ = {
			isa = XCBuildConfiguration;
			buildSettings = {
				ASSETCATALOG_COMPILER_APPICON_NAME = AppIcon;
				ASSETCATALOG_COMPILER_GLOBAL_ACCENT_COLOR_NAME = AccentColor;
				CODE_SIGN_STYLE = Automatic;
				DEVELOPMENT_ASSET_PATHS = "\"DesignCode2/Preview Content\"";
				DEVELOPMENT_TEAM = 2YSS2WYNUU;
				ENABLE_PREVIEWS = YES;
				INFOPLIST_FILE = DesignCode2/Info.plist;
				IPHONEOS_DEPLOYMENT_TARGET = 14.0;
				LD_RUNPATH_SEARCH_PATHS = (
					"$(inherited)",
					"@executable_path/Frameworks",
				);
				PRODUCT_BUNDLE_IDENTIFIER = soonlabs.DesignCode2;
				PRODUCT_NAME = "$(TARGET_NAME)";
				SWIFT_VERSION = 5.0;
				TARGETED_DEVICE_FAMILY = "1,2";
			};
			name = Release;
		};
/* End XCBuildConfiguration section */

/* Begin XCConfigurationList section */
		CD0C119925D6C28E002DFB4A /* Build configuration list for PBXProject "DesignCode2" */ = {
			isa = XCConfigurationList;
			buildConfigurations = (
				CD0C11AB25D6C290002DFB4A /* Debug */,
				CD0C11AC25D6C290002DFB4A /* Release */,
			);
			defaultConfigurationIsVisible = 0;
			defaultConfigurationName = Release;
		};
		CD0C11AD25D6C290002DFB4A /* Build configuration list for PBXNativeTarget "DesignCode2" */ = {
			isa = XCConfigurationList;
			buildConfigurations = (
				CD0C11AE25D6C290002DFB4A /* Debug */,
				CD0C11AF25D6C290002DFB4A /* Release */,
			);
			defaultConfigurationIsVisible = 0;
			defaultConfigurationName = Release;
		};
/* End XCConfigurationList section */
	};
	rootObject = CD0C119625D6C28E002DFB4A /* Project object */;
}
